// !$*UTF8*$!
{
	archiveVersion = 1;
	classes = {
	};
	objectVersion = 48;
	objects = {

/* Begin PBXBuildFile section */
		A50325DC1FD7478F006D7EFE /* AppDelegate.swift in Sources */ = {isa = PBXBuildFile; fileRef = A50325DB1FD7478F006D7EFE /* AppDelegate.swift */; };
		A50325E11FD7478F006D7EFE /* Main.storyboard in Resources */ = {isa = PBXBuildFile; fileRef = A50325DF1FD7478F006D7EFE /* Main.storyboard */; };
		A50325E31FD7478F006D7EFE /* Assets.xcassets in Resources */ = {isa = PBXBuildFile; fileRef = A50325E21FD7478F006D7EFE /* Assets.xcassets */; };
		A50325E61FD7478F006D7EFE /* LaunchScreen.storyboard in Resources */ = {isa = PBXBuildFile; fileRef = A50325E41FD7478F006D7EFE /* LaunchScreen.storyboard */; };
		A50325F11FD75E56006D7EFE /* SWRevealViewController.m in Sources */ = {isa = PBXBuildFile; fileRef = A50325EF1FD75E56006D7EFE /* SWRevealViewController.m */; };
		A50325F61FD76EFE006D7EFE /* ChatVC.swift in Sources */ = {isa = PBXBuildFile; fileRef = A50325F51FD76EFE006D7EFE /* ChatVC.swift */; };
		A50325F81FD76F0F006D7EFE /* ChannelVC.swift in Sources */ = {isa = PBXBuildFile; fileRef = A50325F71FD76F0F006D7EFE /* ChannelVC.swift */; };
		A5191B1C1FDEFA2E00683104 /* ProfileVC.swift in Sources */ = {isa = PBXBuildFile; fileRef = A5191B1A1FDEFA2E00683104 /* ProfileVC.swift */; };
		A5191B1D1FDEFA2E00683104 /* ProfileVC.xib in Resources */ = {isa = PBXBuildFile; fileRef = A5191B1B1FDEFA2E00683104 /* ProfileVC.xib */; };
		A5191B201FDF52BC00683104 /* MessageService.swift in Sources */ = {isa = PBXBuildFile; fileRef = A5191B1F1FDF52BC00683104 /* MessageService.swift */; };
		A5191B221FDF535C00683104 /* Channel.swift in Sources */ = {isa = PBXBuildFile; fileRef = A5191B211FDF535C00683104 /* Channel.swift */; };
		A55856DC1FDC54C400935EC8 /* AvatarPickerVC.swift in Sources */ = {isa = PBXBuildFile; fileRef = A55856DB1FDC54C400935EC8 /* AvatarPickerVC.swift */; };
		A55856DE1FDC5DC200935EC8 /* AvatarCell.swift in Sources */ = {isa = PBXBuildFile; fileRef = A55856DD1FDC5DC200935EC8 /* AvatarCell.swift */; };
		A5627BB41FDDD1B000695521 /* CircleImage.swift in Sources */ = {isa = PBXBuildFile; fileRef = A5627BB31FDDD1B000695521 /* CircleImage.swift */; };
		A5CF60A91FD9EC160043EE66 /* AuthService.swift in Sources */ = {isa = PBXBuildFile; fileRef = A5CF60A81FD9EC160043EE66 /* AuthService.swift */; };
		A5CF60AB1FDA0F5C0043EE66 /* RoundedButton.swift in Sources */ = {isa = PBXBuildFile; fileRef = A5CF60AA1FDA0F5C0043EE66 /* RoundedButton.swift */; };
		A5F3A0BE1FDB2F6900D1A123 /* UserDataService.swift in Sources */ = {isa = PBXBuildFile; fileRef = A5F3A0BD1FDB2F6900D1A123 /* UserDataService.swift */; };
		A5FEE3BF1FD863EA0097F837 /* GradientView.swift in Sources */ = {isa = PBXBuildFile; fileRef = A5FEE3BE1FD863EA0097F837 /* GradientView.swift */; };
		A5FEE3C21FD885510097F837 /* Constants.swift in Sources */ = {isa = PBXBuildFile; fileRef = A5FEE3C11FD885510097F837 /* Constants.swift */; };
		A5FEE3C41FD8B47B0097F837 /* LoginVC.swift in Sources */ = {isa = PBXBuildFile; fileRef = A5FEE3C31FD8B47B0097F837 /* LoginVC.swift */; };
		A5FEE3C61FD8BD130097F837 /* CreateAccountVC.swift in Sources */ = {isa = PBXBuildFile; fileRef = A5FEE3C51FD8BD130097F837 /* CreateAccountVC.swift */; };
		E407131F9D7F34CB885D17E9 /* Pods_Smack.framework in Frameworks */ = {isa = PBXBuildFile; fileRef = 53865ABB1E001D4838A55FA0 /* Pods_Smack.framework */; };
/* End PBXBuildFile section */

/* Begin PBXFileReference section */
		53865ABB1E001D4838A55FA0 /* Pods_Smack.framework */ = {isa = PBXFileReference; explicitFileType = wrapper.framework; includeInIndex = 0; path = Pods_Smack.framework; sourceTree = BUILT_PRODUCTS_DIR; };
		A50325D81FD7478F006D7EFE /* Smack.app */ = {isa = PBXFileReference; explicitFileType = wrapper.application; includeInIndex = 0; path = Smack.app; sourceTree = BUILT_PRODUCTS_DIR; };
		A50325DB1FD7478F006D7EFE /* AppDelegate.swift */ = {isa = PBXFileReference; lastKnownFileType = sourcecode.swift; path = AppDelegate.swift; sourceTree = "<group>"; };
		A50325E01FD7478F006D7EFE /* Base */ = {isa = PBXFileReference; lastKnownFileType = file.storyboard; name = Base; path = Base.lproj/Main.storyboard; sourceTree = "<group>"; };
		A50325E21FD7478F006D7EFE /* Assets.xcassets */ = {isa = PBXFileReference; lastKnownFileType = folder.assetcatalog; path = Assets.xcassets; sourceTree = "<group>"; };
		A50325E51FD7478F006D7EFE /* Base */ = {isa = PBXFileReference; lastKnownFileType = file.storyboard; name = Base; path = Base.lproj/LaunchScreen.storyboard; sourceTree = "<group>"; };
		A50325E71FD7478F006D7EFE /* Info.plist */ = {isa = PBXFileReference; lastKnownFileType = text.plist.xml; path = Info.plist; sourceTree = "<group>"; };
		A50325EE1FD75E54006D7EFE /* Smack-Bridging-Header.h */ = {isa = PBXFileReference; lastKnownFileType = sourcecode.c.h; path = "Smack-Bridging-Header.h"; sourceTree = "<group>"; };
		A50325EF1FD75E56006D7EFE /* SWRevealViewController.m */ = {isa = PBXFileReference; fileEncoding = 4; lastKnownFileType = sourcecode.c.objc; path = SWRevealViewController.m; sourceTree = "<group>"; };
		A50325F01FD75E56006D7EFE /* SWRevealViewController.h */ = {isa = PBXFileReference; fileEncoding = 4; lastKnownFileType = sourcecode.c.h; path = SWRevealViewController.h; sourceTree = "<group>"; };
		A50325F51FD76EFE006D7EFE /* ChatVC.swift */ = {isa = PBXFileReference; lastKnownFileType = sourcecode.swift; path = ChatVC.swift; sourceTree = "<group>"; };
		A50325F71FD76F0F006D7EFE /* ChannelVC.swift */ = {isa = PBXFileReference; lastKnownFileType = sourcecode.swift; path = ChannelVC.swift; sourceTree = "<group>"; };
		A5191B1A1FDEFA2E00683104 /* ProfileVC.swift */ = {isa = PBXFileReference; lastKnownFileType = sourcecode.swift; path = ProfileVC.swift; sourceTree = "<group>"; };
		A5191B1B1FDEFA2E00683104 /* ProfileVC.xib */ = {isa = PBXFileReference; lastKnownFileType = file.xib; path = ProfileVC.xib; sourceTree = "<group>"; };
		A5191B1F1FDF52BC00683104 /* MessageService.swift */ = {isa = PBXFileReference; lastKnownFileType = sourcecode.swift; path = MessageService.swift; sourceTree = "<group>"; };
		A5191B211FDF535C00683104 /* Channel.swift */ = {isa = PBXFileReference; lastKnownFileType = sourcecode.swift; path = Channel.swift; sourceTree = "<group>"; };
		A55856DB1FDC54C400935EC8 /* AvatarPickerVC.swift */ = {isa = PBXFileReference; lastKnownFileType = sourcecode.swift; path = AvatarPickerVC.swift; sourceTree = "<group>"; };
		A55856DD1FDC5DC200935EC8 /* AvatarCell.swift */ = {isa = PBXFileReference; lastKnownFileType = sourcecode.swift; path = AvatarCell.swift; sourceTree = "<group>"; };
		A5627BB31FDDD1B000695521 /* CircleImage.swift */ = {isa = PBXFileReference; lastKnownFileType = sourcecode.swift; path = CircleImage.swift; sourceTree = "<group>"; };
		A5CF60A81FD9EC160043EE66 /* AuthService.swift */ = {isa = PBXFileReference; lastKnownFileType = sourcecode.swift; path = AuthService.swift; sourceTree = "<group>"; };
		A5CF60AA1FDA0F5C0043EE66 /* RoundedButton.swift */ = {isa = PBXFileReference; lastKnownFileType = sourcecode.swift; path = RoundedButton.swift; sourceTree = "<group>"; };
		A5F3A0BD1FDB2F6900D1A123 /* UserDataService.swift */ = {isa = PBXFileReference; lastKnownFileType = sourcecode.swift; path = UserDataService.swift; sourceTree = "<group>"; };
		A5FEE3BE1FD863EA0097F837 /* GradientView.swift */ = {isa = PBXFileReference; lastKnownFileType = sourcecode.swift; path = GradientView.swift; sourceTree = "<group>"; };
		A5FEE3C11FD885510097F837 /* Constants.swift */ = {isa = PBXFileReference; lastKnownFileType = sourcecode.swift; path = Constants.swift; sourceTree = "<group>"; };
		A5FEE3C31FD8B47B0097F837 /* LoginVC.swift */ = {isa = PBXFileReference; lastKnownFileType = sourcecode.swift; path = LoginVC.swift; sourceTree = "<group>"; };
		A5FEE3C51FD8BD130097F837 /* CreateAccountVC.swift */ = {isa = PBXFileReference; lastKnownFileType = sourcecode.swift; path = CreateAccountVC.swift; sourceTree = "<group>"; };
		BF95FA288020D2A23A2758B2 /* Pods-Smack.debug.xcconfig */ = {isa = PBXFileReference; includeInIndex = 1; lastKnownFileType = text.xcconfig; name = "Pods-Smack.debug.xcconfig"; path = "Pods/Target Support Files/Pods-Smack/Pods-Smack.debug.xcconfig"; sourceTree = "<group>"; };
		FD397A32287DEDEAA621F00F /* Pods-Smack.release.xcconfig */ = {isa = PBXFileReference; includeInIndex = 1; lastKnownFileType = text.xcconfig; name = "Pods-Smack.release.xcconfig"; path = "Pods/Target Support Files/Pods-Smack/Pods-Smack.release.xcconfig"; sourceTree = "<group>"; };
/* End PBXFileReference section */

/* Begin PBXFrameworksBuildPhase section */
		A50325D51FD7478F006D7EFE /* Frameworks */ = {
			isa = PBXFrameworksBuildPhase;
			buildActionMask = 2147483647;
			files = (
				E407131F9D7F34CB885D17E9 /* Pods_Smack.framework in Frameworks */,
			);
			runOnlyForDeploymentPostprocessing = 0;
		};
/* End PBXFrameworksBuildPhase section */

/* Begin PBXGroup section */
		6F3D275FF3E0ED6855089D14 /* Frameworks */ = {
			isa = PBXGroup;
			children = (
				53865ABB1E001D4838A55FA0 /* Pods_Smack.framework */,
			);
			name = Frameworks;
			sourceTree = "<group>";
		};
		9F07811EE276C57D5B7EED65 /* Pods */ = {
			isa = PBXGroup;
			children = (
				BF95FA288020D2A23A2758B2 /* Pods-Smack.debug.xcconfig */,
				FD397A32287DEDEAA621F00F /* Pods-Smack.release.xcconfig */,
			);
			name = Pods;
			sourceTree = "<group>";
		};
		A50325CF1FD7478E006D7EFE = {
			isa = PBXGroup;
			children = (
				A50325DA1FD7478F006D7EFE /* Smack */,
				A50325D91FD7478F006D7EFE /* Products */,
				9F07811EE276C57D5B7EED65 /* Pods */,
				6F3D275FF3E0ED6855089D14 /* Frameworks */,
			);
			sourceTree = "<group>";
		};
		A50325D91FD7478F006D7EFE /* Products */ = {
			isa = PBXGroup;
			children = (
				A50325D81FD7478F006D7EFE /* Smack.app */,
			);
			name = Products;
			sourceTree = "<group>";
		};
		A50325DA1FD7478F006D7EFE /* Smack */ = {
			isa = PBXGroup;
			children = (
				A5191B1E1FDEFA7600683104 /* XIBs */,
				A5CF60A71FD9EBED0043EE66 /* Services */,
				A5FEE3C01FD885230097F837 /* Utilities */,
				A50325F41FD76E9A006D7EFE /* Model */,
				A50325F31FD76E93006D7EFE /* View */,
				A50325F21FD76E8C006D7EFE /* Controller */,
				A50325ED1FD75DDD006D7EFE /* Supporting Files */,
				A50325DB1FD7478F006D7EFE /* AppDelegate.swift */,
				A50325DF1FD7478F006D7EFE /* Main.storyboard */,
				A50325E21FD7478F006D7EFE /* Assets.xcassets */,
				A50325E41FD7478F006D7EFE /* LaunchScreen.storyboard */,
				A50325E71FD7478F006D7EFE /* Info.plist */,
			);
			path = Smack;
			sourceTree = "<group>";
		};
		A50325ED1FD75DDD006D7EFE /* Supporting Files */ = {
			isa = PBXGroup;
			children = (
				A50325F01FD75E56006D7EFE /* SWRevealViewController.h */,
				A50325EF1FD75E56006D7EFE /* SWRevealViewController.m */,
				A50325EE1FD75E54006D7EFE /* Smack-Bridging-Header.h */,
			);
			path = "Supporting Files";
			sourceTree = "<group>";
		};
		A50325F21FD76E8C006D7EFE /* Controller */ = {
			isa = PBXGroup;
			children = (
				A50325F51FD76EFE006D7EFE /* ChatVC.swift */,
				A50325F71FD76F0F006D7EFE /* ChannelVC.swift */,
				A5FEE3C31FD8B47B0097F837 /* LoginVC.swift */,
				A5FEE3C51FD8BD130097F837 /* CreateAccountVC.swift */,
				A55856DB1FDC54C400935EC8 /* AvatarPickerVC.swift */,
				A5191B1A1FDEFA2E00683104 /* ProfileVC.swift */,
			);
			path = Controller;
			sourceTree = "<group>";
		};
		A50325F31FD76E93006D7EFE /* View */ = {
			isa = PBXGroup;
			children = (
				A5FEE3BE1FD863EA0097F837 /* GradientView.swift */,
				A5CF60AA1FDA0F5C0043EE66 /* RoundedButton.swift */,
				A55856DD1FDC5DC200935EC8 /* AvatarCell.swift */,
				A5627BB31FDDD1B000695521 /* CircleImage.swift */,
			);
			path = View;
			sourceTree = "<group>";
		};
		A50325F41FD76E9A006D7EFE /* Model */ = {
			isa = PBXGroup;
			children = (
				A5191B211FDF535C00683104 /* Channel.swift */,
			);
			path = Model;
			sourceTree = "<group>";
		};
		A5191B1E1FDEFA7600683104 /* XIBs */ = {
			isa = PBXGroup;
			children = (
				A5191B1B1FDEFA2E00683104 /* ProfileVC.xib */,
			);
			path = XIBs;
			sourceTree = "<group>";
		};
		A5CF60A71FD9EBED0043EE66 /* Services */ = {
			isa = PBXGroup;
			children = (
				A5CF60A81FD9EC160043EE66 /* AuthService.swift */,
				A5F3A0BD1FDB2F6900D1A123 /* UserDataService.swift */,
				A5191B1F1FDF52BC00683104 /* MessageService.swift */,
			);
			path = Services;
			sourceTree = "<group>";
		};
		A5FEE3C01FD885230097F837 /* Utilities */ = {
			isa = PBXGroup;
			children = (
				A5FEE3C11FD885510097F837 /* Constants.swift */,
			);
			path = Utilities;
			sourceTree = "<group>";
		};
/* End PBXGroup section */

/* Begin PBXNativeTarget section */
		A50325D71FD7478F006D7EFE /* Smack */ = {
			isa = PBXNativeTarget;
			buildConfigurationList = A50325EA1FD7478F006D7EFE /* Build configuration list for PBXNativeTarget "Smack" */;
			buildPhases = (
				84F24299D03A40FCDCD3F24D /* [CP] Check Pods Manifest.lock */,
				A50325D41FD7478F006D7EFE /* Sources */,
				A50325D51FD7478F006D7EFE /* Frameworks */,
				A50325D61FD7478F006D7EFE /* Resources */,
				BEA0F208AFCF5450542F03C9 /* [CP] Embed Pods Frameworks */,
				8CD3E99EE465E188E8008EB4 /* [CP] Copy Pods Resources */,
			);
			buildRules = (
			);
			dependencies = (
			);
			name = Smack;
			productName = Smack;
			productReference = A50325D81FD7478F006D7EFE /* Smack.app */;
			productType = "com.apple.product-type.application";
		};
/* End PBXNativeTarget section */

/* Begin PBXProject section */
		A50325D01FD7478E006D7EFE /* Project object */ = {
			isa = PBXProject;
			attributes = {
				LastSwiftUpdateCheck = 0910;
				LastUpgradeCheck = 0910;
				ORGANIZATIONNAME = "Donald Belliveau";
				TargetAttributes = {
					A50325D71FD7478F006D7EFE = {
						CreatedOnToolsVersion = 9.1;
						LastSwiftMigration = 0910;
						ProvisioningStyle = Automatic;
					};
				};
			};
			buildConfigurationList = A50325D31FD7478E006D7EFE /* Build configuration list for PBXProject "Smack" */;
			compatibilityVersion = "Xcode 8.0";
			developmentRegion = en;
			hasScannedForEncodings = 0;
			knownRegions = (
				en,
				Base,
			);
			mainGroup = A50325CF1FD7478E006D7EFE;
			productRefGroup = A50325D91FD7478F006D7EFE /* Products */;
			projectDirPath = "";
			projectRoot = "";
			targets = (
				A50325D71FD7478F006D7EFE /* Smack */,
			);
		};
/* End PBXProject section */

/* Begin PBXResourcesBuildPhase section */
		A50325D61FD7478F006D7EFE /* Resources */ = {
			isa = PBXResourcesBuildPhase;
			buildActionMask = 2147483647;
			files = (
				A5191B1D1FDEFA2E00683104 /* ProfileVC.xib in Resources */,
				A50325E61FD7478F006D7EFE /* LaunchScreen.storyboard in Resources */,
				A50325E31FD7478F006D7EFE /* Assets.xcassets in Resources */,
				A50325E11FD7478F006D7EFE /* Main.storyboard in Resources */,
			);
			runOnlyForDeploymentPostprocessing = 0;
		};
/* End PBXResourcesBuildPhase section */

/* Begin PBXShellScriptBuildPhase section */
		84F24299D03A40FCDCD3F24D /* [CP] Check Pods Manifest.lock */ = {
			isa = PBXShellScriptBuildPhase;
			buildActionMask = 2147483647;
			files = (
			);
			inputPaths = (
			);
			name = "[CP] Check Pods Manifest.lock";
			outputPaths = (
			);
			runOnlyForDeploymentPostprocessing = 0;
			shellPath = /bin/sh;
			shellScript = "diff \"${PODS_ROOT}/../Podfile.lock\" \"${PODS_ROOT}/Manifest.lock\" > /dev/null\nif [ $? != 0 ] ; then\n    # print error to STDERR\n    echo \"error: The sandbox is not in sync with the Podfile.lock. Run 'pod install' or update your CocoaPods installation.\" >&2\n    exit 1\nfi\n";
			showEnvVarsInLog = 0;
		};
		8CD3E99EE465E188E8008EB4 /* [CP] Copy Pods Resources */ = {
			isa = PBXShellScriptBuildPhase;
			buildActionMask = 2147483647;
			files = (
			);
			inputPaths = (
			);
			name = "[CP] Copy Pods Resources";
			outputPaths = (
			);
			runOnlyForDeploymentPostprocessing = 0;
			shellPath = /bin/sh;
			shellScript = "\"${SRCROOT}/Pods/Target Support Files/Pods-Smack/Pods-Smack-resources.sh\"\n";
			showEnvVarsInLog = 0;
		};
		BEA0F208AFCF5450542F03C9 /* [CP] Embed Pods Frameworks */ = {
			isa = PBXShellScriptBuildPhase;
			buildActionMask = 2147483647;
			files = (
			);
			inputPaths = (
			);
			name = "[CP] Embed Pods Frameworks";
			outputPaths = (
			);
			runOnlyForDeploymentPostprocessing = 0;
			shellPath = /bin/sh;
			shellScript = "\"${SRCROOT}/Pods/Target Support Files/Pods-Smack/Pods-Smack-frameworks.sh\"\n";
			showEnvVarsInLog = 0;
		};
/* End PBXShellScriptBuildPhase section */

/* Begin PBXSourcesBuildPhase section */
		A50325D41FD7478F006D7EFE /* Sources */ = {
			isa = PBXSourcesBuildPhase;
			buildActionMask = 2147483647;
			files = (
				A5191B1C1FDEFA2E00683104 /* ProfileVC.swift in Sources */,
				A50325F81FD76F0F006D7EFE /* ChannelVC.swift in Sources */,
				A55856DC1FDC54C400935EC8 /* AvatarPickerVC.swift in Sources */,
				A5CF60AB1FDA0F5C0043EE66 /* RoundedButton.swift in Sources */,
				A5191B221FDF535C00683104 /* Channel.swift in Sources */,
				A5627BB41FDDD1B000695521 /* CircleImage.swift in Sources */,
				A5191B201FDF52BC00683104 /* MessageService.swift in Sources */,
				A50325F61FD76EFE006D7EFE /* ChatVC.swift in Sources */,
				A5F3A0BE1FDB2F6900D1A123 /* UserDataService.swift in Sources */,
				A5FEE3C61FD8BD130097F837 /* CreateAccountVC.swift in Sources */,
				A5CF60A91FD9EC160043EE66 /* AuthService.swift in Sources */,
				A5FEE3C41FD8B47B0097F837 /* LoginVC.swift in Sources */,
				A5FEE3BF1FD863EA0097F837 /* GradientView.swift in Sources */,
				A55856DE1FDC5DC200935EC8 /* AvatarCell.swift in Sources */,
				A50325DC1FD7478F006D7EFE /* AppDelegate.swift in Sources */,
				A50325F11FD75E56006D7EFE /* SWRevealViewController.m in Sources */,
				A5FEE3C21FD885510097F837 /* Constants.swift in Sources */,
			);
			runOnlyForDeploymentPostprocessing = 0;
		};
/* End PBXSourcesBuildPhase section */

/* Begin PBXVariantGroup section */
		A50325DF1FD7478F006D7EFE /* Main.storyboard */ = {
			isa = PBXVariantGroup;
			children = (
				A50325E01FD7478F006D7EFE /* Base */,
			);
			name = Main.storyboard;
			sourceTree = "<group>";
		};
		A50325E41FD7478F006D7EFE /* LaunchScreen.storyboard */ = {
			isa = PBXVariantGroup;
			children = (
				A50325E51FD7478F006D7EFE /* Base */,
			);
			name = LaunchScreen.storyboard;
			sourceTree = "<group>";
		};
/* End PBXVariantGroup section */

/* Begin XCBuildConfiguration section */
		A50325E81FD7478F006D7EFE /* Debug */ = {
			isa = XCBuildConfiguration;
			buildSettings = {
				ALWAYS_SEARCH_USER_PATHS = NO;
				CLANG_ANALYZER_NONNULL = YES;
				CLANG_ANALYZER_NUMBER_OBJECT_CONVERSION = YES_AGGRESSIVE;
				CLANG_CXX_LANGUAGE_STANDARD = "gnu++14";
				CLANG_CXX_LIBRARY = "libc++";
				CLANG_ENABLE_MODULES = YES;
				CLANG_ENABLE_OBJC_ARC = YES;
				CLANG_WARN_BLOCK_CAPTURE_AUTORELEASING = YES;
				CLANG_WARN_BOOL_CONVERSION = YES;
				CLANG_WARN_COMMA = YES;
				CLANG_WARN_CONSTANT_CONVERSION = YES;
				CLANG_WARN_DIRECT_OBJC_ISA_USAGE = YES_ERROR;
				CLANG_WARN_DOCUMENTATION_COMMENTS = YES;
				CLANG_WARN_EMPTY_BODY = YES;
				CLANG_WARN_ENUM_CONVERSION = YES;
				CLANG_WARN_INFINITE_RECURSION = YES;
				CLANG_WARN_INT_CONVERSION = YES;
				CLANG_WARN_NON_LITERAL_NULL_CONVERSION = YES;
				CLANG_WARN_OBJC_LITERAL_CONVERSION = YES;
				CLANG_WARN_OBJC_ROOT_CLASS = YES_ERROR;
				CLANG_WARN_RANGE_LOOP_ANALYSIS = YES;
				CLANG_WARN_STRICT_PROTOTYPES = YES;
				CLANG_WARN_SUSPICIOUS_MOVE = YES;
				CLANG_WARN_UNGUARDED_AVAILABILITY = YES_AGGRESSIVE;
				CLANG_WARN_UNREACHABLE_CODE = YES;
				CLANG_WARN__DUPLICATE_METHOD_MATCH = YES;
				CODE_SIGN_IDENTITY = "iPhone Developer";
				COPY_PHASE_STRIP = NO;
				DEBUG_INFORMATION_FORMAT = dwarf;
				ENABLE_STRICT_OBJC_MSGSEND = YES;
				ENABLE_TESTABILITY = YES;
				GCC_C_LANGUAGE_STANDARD = gnu11;
				GCC_DYNAMIC_NO_PIC = NO;
				GCC_NO_COMMON_BLOCKS = YES;
				GCC_OPTIMIZATION_LEVEL = 0;
				GCC_PREPROCESSOR_DEFINITIONS = (
					"DEBUG=1",
					"$(inherited)",
				);
				GCC_WARN_64_TO_32_BIT_CONVERSION = YES;
				GCC_WARN_ABOUT_RETURN_TYPE = YES_ERROR;
				GCC_WARN_UNDECLARED_SELECTOR = YES;
				GCC_WARN_UNINITIALIZED_AUTOS = YES_AGGRESSIVE;
				GCC_WARN_UNUSED_FUNCTION = YES;
				GCC_WARN_UNUSED_VARIABLE = YES;
				IPHONEOS_DEPLOYMENT_TARGET = 11.1;
				MTL_ENABLE_DEBUG_INFO = YES;
				ONLY_ACTIVE_ARCH = YES;
				SDKROOT = iphoneos;
				SWIFT_ACTIVE_COMPILATION_CONDITIONS = DEBUG;
				SWIFT_OPTIMIZATION_LEVEL = "-Onone";
			};
			name = Debug;
		};
		A50325E91FD7478F006D7EFE /* Release */ = {
			isa = XCBuildConfiguration;
			buildSettings = {
				ALWAYS_SEARCH_USER_PATHS = NO;
				CLANG_ANALYZER_NONNULL = YES;
				CLANG_ANALYZER_NUMBER_OBJECT_CONVERSION = YES_AGGRESSIVE;
				CLANG_CXX_LANGUAGE_STANDARD = "gnu++14";
				CLANG_CXX_LIBRARY = "libc++";
				CLANG_ENABLE_MODULES = YES;
				CLANG_ENABLE_OBJC_ARC = YES;
				CLANG_WARN_BLOCK_CAPTURE_AUTORELEASING = YES;
				CLANG_WARN_BOOL_CONVERSION = YES;
				CLANG_WARN_COMMA = YES;
				CLANG_WARN_CONSTANT_CONVERSION = YES;
				CLANG_WARN_DIRECT_OBJC_ISA_USAGE = YES_ERROR;
				CLANG_WARN_DOCUMENTATION_COMMENTS = YES;
				CLANG_WARN_EMPTY_BODY = YES;
				CLANG_WARN_ENUM_CONVERSION = YES;
				CLANG_WARN_INFINITE_RECURSION = YES;
				CLANG_WARN_INT_CONVERSION = YES;
				CLANG_WARN_NON_LITERAL_NULL_CONVERSION = YES;
				CLANG_WARN_OBJC_LITERAL_CONVERSION = YES;
				CLANG_WARN_OBJC_ROOT_CLASS = YES_ERROR;
				CLANG_WARN_RANGE_LOOP_ANALYSIS = YES;
				CLANG_WARN_STRICT_PROTOTYPES = YES;
				CLANG_WARN_SUSPICIOUS_MOVE = YES;
				CLANG_WARN_UNGUARDED_AVAILABILITY = YES_AGGRESSIVE;
				CLANG_WARN_UNREACHABLE_CODE = YES;
				CLANG_WARN__DUPLICATE_METHOD_MATCH = YES;
				CODE_SIGN_IDENTITY = "iPhone Developer";
				COPY_PHASE_STRIP = NO;
				DEBUG_INFORMATION_FORMAT = "dwarf-with-dsym";
				ENABLE_NS_ASSERTIONS = NO;
				ENABLE_STRICT_OBJC_MSGSEND = YES;
				GCC_C_LANGUAGE_STANDARD = gnu11;
				GCC_NO_COMMON_BLOCKS = YES;
				GCC_WARN_64_TO_32_BIT_CONVERSION = YES;
				GCC_WARN_ABOUT_RETURN_TYPE = YES_ERROR;
				GCC_WARN_UNDECLARED_SELECTOR = YES;
				GCC_WARN_UNINITIALIZED_AUTOS = YES_AGGRESSIVE;
				GCC_WARN_UNUSED_FUNCTION = YES;
				GCC_WARN_UNUSED_VARIABLE = YES;
				IPHONEOS_DEPLOYMENT_TARGET = 11.1;
				MTL_ENABLE_DEBUG_INFO = NO;
				SDKROOT = iphoneos;
				SWIFT_OPTIMIZATION_LEVEL = "-Owholemodule";
				VALIDATE_PRODUCT = YES;
			};
			name = Release;
		};
		A50325EB1FD7478F006D7EFE /* Debug */ = {
			isa = XCBuildConfiguration;
			baseConfigurationReference = BF95FA288020D2A23A2758B2 /* Pods-Smack.debug.xcconfig */;
			buildSettings = {
				ASSETCATALOG_COMPILER_APPICON_NAME = AppIcon;
				CLANG_ENABLE_MODULES = YES;
				CODE_SIGN_STYLE = Automatic;
				DEVELOPMENT_TEAM = 8W7FS3KU9E;
				INFOPLIST_FILE = Smack/Info.plist;
				LD_RUNPATH_SEARCH_PATHS = "$(inherited) @executable_path/Frameworks";
				PRODUCT_BUNDLE_IDENTIFIER = com.donaldbelliveau.Smack;
				PRODUCT_NAME = "$(TARGET_NAME)";
				SWIFT_OBJC_BRIDGING_HEADER = "Smack/Supporting Files/Smack-Bridging-Header.h";
				SWIFT_OPTIMIZATION_LEVEL = "-Onone";
				SWIFT_VERSION = 4.0;
				TARGETED_DEVICE_FAMILY = "1,2";
			};
			name = Debug;
		};
		A50325EC1FD7478F006D7EFE /* Release */ = {
			isa = XCBuildConfiguration;
			baseConfigurationReference = FD397A32287DEDEAA621F00F /* Pods-Smack.release.xcconfig */;
			buildSettings = {
				ASSETCATALOG_COMPILER_APPICON_NAME = AppIcon;
				CLANG_ENABLE_MODULES = YES;
				CODE_SIGN_STYLE = Automatic;
				DEVELOPMENT_TEAM = 8W7FS3KU9E;
				INFOPLIST_FILE = Smack/Info.plist;
				LD_RUNPATH_SEARCH_PATHS = "$(inherited) @executable_path/Frameworks";
				PRODUCT_BUNDLE_IDENTIFIER = com.donaldbelliveau.Smack;
				PRODUCT_NAME = "$(TARGET_NAME)";
				SWIFT_OBJC_BRIDGING_HEADER = "Smack/Supporting Files/Smack-Bridging-Header.h";
				SWIFT_VERSION = 4.0;
				TARGETED_DEVICE_FAMILY = "1,2";
			};
			name = Release;
		};
/* End XCBuildConfiguration section */

/* Begin XCConfigurationList section */
		A50325D31FD7478E006D7EFE /* Build configuration list for PBXProject "Smack" */ = {
			isa = XCConfigurationList;
			buildConfigurations = (
				A50325E81FD7478F006D7EFE /* Debug */,
				A50325E91FD7478F006D7EFE /* Release */,
			);
			defaultConfigurationIsVisible = 0;
			defaultConfigurationName = Release;
		};
		A50325EA1FD7478F006D7EFE /* Build configuration list for PBXNativeTarget "Smack" */ = {
			isa = XCConfigurationList;
			buildConfigurations = (
				A50325EB1FD7478F006D7EFE /* Debug */,
				A50325EC1FD7478F006D7EFE /* Release */,
			);
			defaultConfigurationIsVisible = 0;
			defaultConfigurationName = Release;
		};
/* End XCConfigurationList section */
	};
	rootObject = A50325D01FD7478E006D7EFE /* Project object */;
}
